
Microsoft Visual Studio Solution File, Format Version 12.00
# Visual Studio Version 17
VisualStudioVersion = 17.14.36511.14 d17.14
MinimumVisualStudioVersion = 10.0.40219.1
Project("{FAE04EC0-301F-11D3-BF4B-00C04F79EFBC}") = "ParsingWebSiteJS", "ParsingWebSiteJS\ParsingWebSiteJS.csproj", "{AC3B304D-DA2C-4C93-B59A-122ACEE6A0BC}"
EndProject
Global
	GlobalSection(SolutionConfigurationPlatforms) = preSolution
		Debug|Any CPU = Debug|Any CPU
		Release|Any CPU = Release|Any CPU
	EndGlobalSection
	GlobalSection(ProjectConfigurationPlatforms) = postSolution
		{AC3B304D-DA2C-4C93-B59A-122ACEE6A0BC}.Debug|Any CPU.ActiveCfg = Debug|Any CPU
		{AC3B304D-DA2C-4C93-B59A-122ACEE6A0BC}.Debug|Any CPU.Build.0 = Debug|Any CPU
		{AC3B304D-DA2C-4C93-B59A-122ACEE6A0BC}.Release|Any CPU.ActiveCfg = Release|Any CPU
		{AC3B304D-DA2C-4C93-B59A-122ACEE6A0BC}.Release|Any CPU.Build.0 = Release|Any CPU
	EndGlobalSection
	GlobalSection(SolutionProperties) = preSolution
		HideSolutionNode = FALSE
	EndGlobalSection
	GlobalSection(ExtensibilityGlobals) = postSolution
		SolutionGuid = {1FDD241E-2316-4972-A472-8CD6F4655A7D}
	EndGlobalSection
EndGlobal
